// !$*UTF8*$!
{
	archiveVersion = 1;
	classes = {
	};
	objectVersion = 46;
	objects = {

/* Begin PBXBuildFile section */
		276CCD1F1EA0113200AEBA2A /* AppDelegate.swift in Sources */ = {isa = PBXBuildFile; fileRef = 276CCD1E1EA0113200AEBA2A /* AppDelegate.swift */; };
		276CCD211EA0113200AEBA2A /* ViewController.swift in Sources */ = {isa = PBXBuildFile; fileRef = 276CCD201EA0113200AEBA2A /* ViewController.swift */; };
		276CCD241EA0113200AEBA2A /* Main.storyboard in Resources */ = {isa = PBXBuildFile; fileRef = 276CCD221EA0113200AEBA2A /* Main.storyboard */; };
		276CCD261EA0113200AEBA2A /* Assets.xcassets in Resources */ = {isa = PBXBuildFile; fileRef = 276CCD251EA0113200AEBA2A /* Assets.xcassets */; };
		276CCD291EA0113200AEBA2A /* LaunchScreen.storyboard in Resources */ = {isa = PBXBuildFile; fileRef = 276CCD271EA0113200AEBA2A /* LaunchScreen.storyboard */; };
		27D788FC1EA646BE005D6AB8 /* PersonCell.swift in Sources */ = {isa = PBXBuildFile; fileRef = 27D788FB1EA646BE005D6AB8 /* PersonCell.swift */; };
		27D788FE1EA646DE005D6AB8 /* Person.swift in Sources */ = {isa = PBXBuildFile; fileRef = 27D788FD1EA646DE005D6AB8 /* Person.swift */; };
/* End PBXBuildFile section */

/* Begin PBXFileReference section */
		276CCD1B1EA0113200AEBA2A /* Project12.app */ = {isa = PBXFileReference; explicitFileType = wrapper.application; includeInIndex = 0; path = Project12.app; sourceTree = BUILT_PRODUCTS_DIR; };
		276CCD1E1EA0113200AEBA2A /* AppDelegate.swift */ = {isa = PBXFileReference; lastKnownFileType = sourcecode.swift; path = AppDelegate.swift; sourceTree = "<group>"; };
		276CCD201EA0113200AEBA2A /* ViewController.swift */ = {isa = PBXFileReference; lastKnownFileType = sourcecode.swift; path = ViewController.swift; sourceTree = "<group>"; };
		276CCD231EA0113200AEBA2A /* Base */ = {isa = PBXFileReference; lastKnownFileType = file.storyboard; name = Base; path = Base.lproj/Main.storyboard; sourceTree = "<group>"; };
		276CCD251EA0113200AEBA2A /* Assets.xcassets */ = {isa = PBXFileReference; lastKnownFileType = folder.assetcatalog; path = Assets.xcassets; sourceTree = "<group>"; };
		276CCD281EA0113200AEBA2A /* Base */ = {isa = PBXFileReference; lastKnownFileType = file.storyboard; name = Base; path = Base.lproj/LaunchScreen.storyboard; sourceTree = "<group>"; };
		276CCD2A1EA0113200AEBA2A /* Info.plist */ = {isa = PBXFileReference; lastKnownFileType = text.plist.xml; path = Info.plist; sourceTree = "<group>"; };
		27D788FB1EA646BE005D6AB8 /* PersonCell.swift */ = {isa = PBXFileReference; fileEncoding = 4; lastKnownFileType = sourcecode.swift; path = PersonCell.swift; sourceTree = "<group>"; };
		27D788FD1EA646DE005D6AB8 /* Person.swift */ = {isa = PBXFileReference; fileEncoding = 4; lastKnownFileType = sourcecode.swift; path = Person.swift; sourceTree = "<group>"; };
/* End PBXFileReference section */

/* Begin PBXFrameworksBuildPhase section */
		276CCD181EA0113200AEBA2A /* Frameworks */ = {
			isa = PBXFrameworksBuildPhase;
			buildActionMask = 2147483647;
			files = (
			);
			runOnlyForDeploymentPostprocessing = 0;
		};
/* End PBXFrameworksBuildPhase section */

/* Begin PBXGroup section */
		276CCD121EA0113200AEBA2A = {
			isa = PBXGroup;
			children = (
				276CCD1D1EA0113200AEBA2A /* Project12 */,
				276CCD1C1EA0113200AEBA2A /* Products */,
			);
			sourceTree = "<group>";
		};
		276CCD1C1EA0113200AEBA2A /* Products */ = {
			isa = PBXGroup;
			children = (
				276CCD1B1EA0113200AEBA2A /* Project12.app */,
			);
			name = Products;
			sourceTree = "<group>";
		};
		276CCD1D1EA0113200AEBA2A /* Project12 */ = {
			isa = PBXGroup;
			children = (
				27D788FD1EA646DE005D6AB8 /* Person.swift */,
				27D788FB1EA646BE005D6AB8 /* PersonCell.swift */,
				276CCD1E1EA0113200AEBA2A /* AppDelegate.swift */,
				276CCD201EA0113200AEBA2A /* ViewController.swift */,
				276CCD221EA0113200AEBA2A /* Main.storyboard */,
				276CCD251EA0113200AEBA2A /* Assets.xcassets */,
				276CCD271EA0113200AEBA2A /* LaunchScreen.storyboard */,
				276CCD2A1EA0113200AEBA2A /* Info.plist */,
			);
			path = Project12;
			sourceTree = "<group>";
		};
/* End PBXGroup section */

/* Begin PBXNativeTarget section */
		276CCD1A1EA0113200AEBA2A /* Project12 */ = {
			isa = PBXNativeTarget;
			buildConfigurationList = 276CCD2D1EA0113200AEBA2A /* Build configuration list for PBXNativeTarget "Project12" */;
			buildPhases = (
				276CCD171EA0113200AEBA2A /* Sources */,
				276CCD181EA0113200AEBA2A /* Frameworks */,
				276CCD191EA0113200AEBA2A /* Resources */,
			);
			buildRules = (
			);
			dependencies = (
			);
			name = Project12;
			productName = Project12;
			productReference = 276CCD1B1EA0113200AEBA2A /* Project12.app */;
			productType = "com.apple.product-type.application";
		};
/* End PBXNativeTarget section */

/* Begin PBXProject section */
		276CCD131EA0113200AEBA2A /* Project object */ = {
			isa = PBXProject;
			attributes = {
				LastSwiftUpdateCheck = 0830;
				LastUpgradeCheck = 0830;
				ORGANIZATIONNAME = "Chappy-App";
				TargetAttributes = {
					276CCD1A1EA0113200AEBA2A = {
						CreatedOnToolsVersion = 8.3;
						DevelopmentTeam = 4WU9L65MXB;
						ProvisioningStyle = Automatic;
					};
				};
			};
			buildConfigurationList = 276CCD161EA0113200AEBA2A /* Build configuration list for PBXProject "Project12" */;
			compatibilityVersion = "Xcode 3.2";
			developmentRegion = English;
			hasScannedForEncodings = 0;
			knownRegions = (
				en,
				Base,
			);
			mainGroup = 276CCD121EA0113200AEBA2A;
			productRefGroup = 276CCD1C1EA0113200AEBA2A /* Products */;
			projectDirPath = "";
			projectRoot = "";
			targets = (
				276CCD1A1EA0113200AEBA2A /* Project12 */,
			);
		};
/* End PBXProject section */

/* Begin PBXResourcesBuildPhase section */
		276CCD191EA0113200AEBA2A /* Resources */ = {
			isa = PBXResourcesBuildPhase;
			buildActionMask = 2147483647;
			files = (
				276CCD291EA0113200AEBA2A /* LaunchScreen.storyboard in Resources */,
				276CCD261EA0113200AEBA2A /* Assets.xcassets in Resources */,
				276CCD241EA0113200AEBA2A /* Main.storyboard in Resources */,
			);
			runOnlyForDeploymentPostprocessing = 0;
		};
/* End PBXResourcesBuildPhase section */

/* Begin PBXSourcesBuildPhase section */
		276CCD171EA0113200AEBA2A /* Sources */ = {
			isa = PBXSourcesBuildPhase;
			buildActionMask = 2147483647;
			files = (
				276CCD211EA0113200AEBA2A /* ViewController.swift in Sources */,
				27D788FC1EA646BE005D6AB8 /* PersonCell.swift in Sources */,
				27D788FE1EA646DE005D6AB8 /* Person.swift in Sources */,
				276CCD1F1EA0113200AEBA2A /* AppDelegate.swift in Sources */,
			);
			runOnlyForDeploymentPostprocessing = 0;
		};
/* End PBXSourcesBuildPhase section */

/* Begin PBXVariantGroup section */
		276CCD221EA0113200AEBA2A /* Main.storyboard */ = {
			isa = PBXVariantGroup;
			children = (
				276CCD231EA0113200AEBA2A /* Base */,
			);
			name = Main.storyboard;
			sourceTree = "<group>";
		};
		276CCD271EA0113200AEBA2A /* LaunchScreen.storyboard */ = {
			isa = PBXVariantGroup;
			children = (
				276CCD281EA0113200AEBA2A /* Base */,
			);
			name = LaunchScreen.storyboard;
			sourceTree = "<group>";
		};
/* End PBXVariantGroup section */

/* Begin XCBuildConfiguration section */
		276CCD2B1EA0113200AEBA2A /* Debug */ = {
			isa = XCBuildConfiguration;
			buildSettings = {
				ALWAYS_SEARCH_USER_PATHS = NO;
				CLANG_ANALYZER_NONNULL = YES;
				CLANG_ANALYZER_NUMBER_OBJECT_CONVERSION = YES_AGGRESSIVE;
				CLANG_CXX_LANGUAGE_STANDARD = "gnu++0x";
				CLANG_CXX_LIBRARY = "libc++";
				CLANG_ENABLE_MODULES = YES;
				CLANG_ENABLE_OBJC_ARC = YES;
				CLANG_WARN_BOOL_CONVERSION = YES;
				CLANG_WARN_CONSTANT_CONVERSION = YES;
				CLANG_WARN_DIRECT_OBJC_ISA_USAGE = YES_ERROR;
				CLANG_WARN_DOCUMENTATION_COMMENTS = YES;
				CLANG_WARN_EMPTY_BODY = YES;
				CLANG_WARN_ENUM_CONVERSION = YES;
				CLANG_WARN_INFINITE_RECURSION = YES;
				CLANG_WARN_INT_CONVERSION = YES;
				CLANG_WARN_OBJC_ROOT_CLASS = YES_ERROR;
				CLANG_WARN_SUSPICIOUS_MOVE = YES;
				CLANG_WARN_UNREACHABLE_CODE = YES;
				CLANG_WARN__DUPLICATE_METHOD_MATCH = YES;
				"CODE_SIGN_IDENTITY[sdk=iphoneos*]" = "iPhone Developer";
				COPY_PHASE_STRIP = NO;
				DEBUG_INFORMATION_FORMAT = dwarf;
				ENABLE_STRICT_OBJC_MSGSEND = YES;
				ENABLE_TESTABILITY = YES;
				GCC_C_LANGUAGE_STANDARD = gnu99;
				GCC_DYNAMIC_NO_PIC = NO;
				GCC_NO_COMMON_BLOCKS = YES;
				GCC_OPTIMIZATION_LEVEL = 0;
				GCC_PREPROCESSOR_DEFINITIONS = (
					"DEBUG=1",
					"$(inherited)",
				);
				GCC_WARN_64_TO_32_BIT_CONVERSION = YES;
				GCC_WARN_ABOUT_RETURN_TYPE = YES_ERROR;
				GCC_WARN_UNDECLARED_SELECTOR = YES;
				GCC_WARN_UNINITIALIZED_AUTOS = YES_AGGRESSIVE;
				GCC_WARN_UNUSED_FUNCTION = YES;
				GCC_WARN_UNUSED_VARIABLE = YES;
				IPHONEOS_DEPLOYMENT_TARGET = 10.3;
				MTL_ENABLE_DEBUG_INFO = YES;
				ONLY_ACTIVE_ARCH = YES;
				SDKROOT = iphoneos;
				SWIFT_ACTIVE_COMPILATION_CONDITIONS = DEBUG;
				SWIFT_OPTIMIZATION_LEVEL = "-Onone";
			};
			name = Debug;
		};
		276CCD2C1EA0113200AEBA2A /* Release */ = {
			isa = XCBuildConfiguration;
			buildSettings = {
				ALWAYS_SEARCH_USER_PATHS = NO;
				CLANG_ANALYZER_NONNULL = YES;
				CLANG_ANALYZER_NUMBER_OBJECT_CONVERSION = YES_AGGRESSIVE;
				CLANG_CXX_LANGUAGE_STANDARD = "gnu++0x";
				CLANG_CXX_LIBRARY = "libc++";
				CLANG_ENABLE_MODULES = YES;
				CLANG_ENABLE_OBJC_ARC = YES;
				CLANG_WARN_BOOL_CONVERSION = YES;
				CLANG_WARN_CONSTANT_CONVERSION = YES;
				CLANG_WARN_DIRECT_OBJC_ISA_USAGE = YES_ERROR;
				CLANG_WARN_DOCUMENTATION_COMMENTS = YES;
				CLANG_WARN_EMPTY_BODY = YES;
				CLANG_WARN_ENUM_CONVERSION = YES;
				CLANG_WARN_INFINITE_RECURSION = YES;
				CLANG_WARN_INT_CONVERSION = YES;
				CLANG_WARN_OBJC_ROOT_CLASS = YES_ERROR;
				CLANG_WARN_SUSPICIOUS_MOVE = YES;
				CLANG_WARN_UNREACHABLE_CODE = YES;
				CLANG_WARN__DUPLICATE_METHOD_MATCH = YES;
				"CODE_SIGN_IDENTITY[sdk=iphoneos*]" = "iPhone Developer";
				COPY_PHASE_STRIP = NO;
				DEBUG_INFORMATION_FORMAT = "dwarf-with-dsym";
				ENABLE_NS_ASSERTIONS = NO;
				ENABLE_STRICT_OBJC_MSGSEND = YES;
				GCC_C_LANGUAGE_STANDARD = gnu99;
				GCC_NO_COMMON_BLOCKS = YES;
				GCC_WARN_64_TO_32_BIT_CONVERSION = YES;
				GCC_WARN_ABOUT_RETURN_TYPE = YES_ERROR;
				GCC_WARN_UNDECLARED_SELECTOR = YES;
				GCC_WARN_UNINITIALIZED_AUTOS = YES_AGGRESSIVE;
				GCC_WARN_UNUSED_FUNCTION = YES;
				GCC_WARN_UNUSED_VARIABLE = YES;
				IPHONEOS_DEPLOYMENT_TARGET = 10.3;
				MTL_ENABLE_DEBUG_INFO = NO;
				SDKROOT = iphoneos;
				SWIFT_OPTIMIZATION_LEVEL = "-Owholemodule";
				VALIDATE_PRODUCT = YES;
			};
			name = Release;
		};
		276CCD2E1EA0113200AEBA2A /* Debug */ = {
			isa = XCBuildConfiguration;
			buildSettings = {
				ASSETCATALOG_COMPILER_APPICON_NAME = AppIcon;
				DEVELOPMENT_TEAM = 4WU9L65MXB;
				INFOPLIST_FILE = Project12/Info.plist;
				LD_RUNPATH_SEARCH_PATHS = "$(inherited) @executable_path/Frameworks";
				PRODUCT_BUNDLE_IDENTIFIER = "com.Chappy-App.Project12";
				PRODUCT_NAME = "$(TARGET_NAME)";
				SWIFT_VERSION = 3.0;
			};
			name = Debug;
		};
		276CCD2F1EA0113200AEBA2A /* Release */ = {
			isa = XCBuildConfiguration;
			buildSettings = {
				ASSETCATALOG_COMPILER_APPICON_NAME = AppIcon;
				DEVELOPMENT_TEAM = 4WU9L65MXB;
				INFOPLIST_FILE = Project12/Info.plist;
				LD_RUNPATH_SEARCH_PATHS = "$(inherited) @executable_path/Frameworks";
				PRODUCT_BUNDLE_IDENTIFIER = "com.Chappy-App.Project12";
				PRODUCT_NAME = "$(TARGET_NAME)";
				SWIFT_VERSION = 3.0;
			};
			name = Release;
		};
/* End XCBuildConfiguration section */

/* Begin XCConfigurationList section */
		276CCD161EA0113200AEBA2A /* Build configuration list for PBXProject "Project12" */ = {
			isa = XCConfigurationList;
			buildConfigurations = (
				276CCD2B1EA0113200AEBA2A /* Debug */,
				276CCD2C1EA0113200AEBA2A /* Release */,
			);
			defaultConfigurationIsVisible = 0;
			defaultConfigurationName = Release;
		};
		276CCD2D1EA0113200AEBA2A /* Build configuration list for PBXNativeTarget "Project12" */ = {
			isa = XCConfigurationList;
			buildConfigurations = (
				276CCD2E1EA0113200AEBA2A /* Debug */,
				276CCD2F1EA0113200AEBA2A /* Release */,
			);
			defaultConfigurationIsVisible = 0;
			defaultConfigurationName = Release;
		};
/* End XCConfigurationList section */
	};
	rootObject = 276CCD131EA0113200AEBA2A /* Project object */;
}
